languageId: python
command:
  version: 5
  spokenForm: pour block
  action: {name: editNewLineAfter}
  targets:
    - type: primitive
      modifiers:
        - type: containingScope
          scopeType: {type: paragraph}
  usePrePhraseSnapshot: true
initialState:
  documentContents: "    # foo"
  selections:
    - anchor: {line: 0, character: 4}
      active: {line: 0, character: 4}
  marks: {}
finalState:
  documentContents: "    # foo\r\n\r\n    "
  selections:
    - anchor: {line: 2, character: 4}
      active: {line: 2, character: 4}
