languageId: typescript
command:
  spokenForm: pour block
  version: 2
  action: {name: editNewLineAfter}
  targets:
    - type: primitive
      modifiers:
        - type: containingScope
          scopeType: {type: paragraph}
  usePrePhraseSnapshot: true
initialState:
  documentContents: |
    function helloWorld(foo: string, bar: number, baz: string) {}
  selections:
    - anchor: {line: 0, character: 40}
      active: {line: 0, character: 40}
  marks: {}
finalState:
  documentContents: |+
    function helloWorld(foo: string, bar: number, baz: string) {}


  selections:
    - anchor: {line: 2, character: 0}
      active: {line: 2, character: 0}
  thatMark:
    - type: UntypedTarget
      contentRange:
        start: {line: 0, character: 0}
        end: {line: 0, character: 61}
      isReversed: false
      hasExplicitRange: true
-- initial --
0  |function helloWorld(foo: string, bar: number, baz: string) {}
sel                                         !
1  |
-- final --
0   |function helloWorld(foo: string, bar: number, baz: string) {}
that [-----------------------------------------------------------]
1   |
2   |
sel  !
3   |
