languageId: plaintext
command:
  version: 5
  spokenForm: take every char block
  action: {name: setSelection}
  targets:
    - type: primitive
      modifiers:
        - type: everyScope
          scopeType: {type: character}
        - type: containingScope
          scopeType: {type: paragraph}
  usePrePhraseSnapshot: true
initialState:
  documentContents: |-
    a*a
    b-b
    c/c
  selections:
    - anchor: {line: 0, character: 0}
      active: {line: 0, character: 0}
  marks: {}
finalState:
  documentContents: |-
    a*a
    b-b
    c/c
  selections:
    - anchor: {line: 0, character: 0}
      active: {line: 0, character: 1}
    - anchor: {line: 0, character: 1}
      active: {line: 0, character: 2}
    - anchor: {line: 0, character: 2}
      active: {line: 0, character: 3}
    - anchor: {line: 1, character: 0}
      active: {line: 1, character: 1}
    - anchor: {line: 1, character: 1}
      active: {line: 1, character: 2}
    - anchor: {line: 1, character: 2}
      active: {line: 1, character: 3}
    - anchor: {line: 2, character: 0}
      active: {line: 2, character: 1}
    - anchor: {line: 2, character: 1}
      active: {line: 2, character: 2}
    - anchor: {line: 2, character: 2}
      active: {line: 2, character: 3}
