languageId: plaintext
command:
  spokenForm: drink block
  version: 2
  targets:
    - type: primitive
      modifiers:
        - type: containingScope
          scopeType: {type: paragraph}
  usePrePhraseSnapshot: true
  action: {name: editNewLineBefore}
initialState:
  documentContents: |2
        hello there
        hello there
  #             1
  #   012345678901234
  #  +---------------
  # 0|    hello there
  # 1|    hello there
  # 2|
  selections:
    - anchor: {line: 1, character: 4}
      active: {line: 1, character: 9}
  marks: {}
finalState:
  documentContents: |2
        

        hello there
        hello there
  #             1
  #   012345678901234
  #  +---------------
  # 0|    
  # 1|
  # 2|    hello there
  # 3|    hello there
  # 4|
  #  +---------------
  #   012345678901234
  #             1
  selections:
    - anchor: {line: 0, character: 4}
      active: {line: 0, character: 4}
